// !$*UTF8*$!
{
	archiveVersion = 1;
	classes = {
	};
	objectVersion = 46;
	objects = {

/* Begin PBXBuildFile section */
		CB0C2571195D754F00053304 /* ThirdViewController.m in Sources */ = {isa = PBXBuildFile; fileRef = CB0C2570195D754F00053304 /* ThirdViewController.m */; };
		CB0C2574195E9C0900053304 /* FourthViewController.m in Sources */ = {isa = PBXBuildFile; fileRef = CB0C2573195E9C0900053304 /* FourthViewController.m */; };
		CB0C2578195E9E0C00053304 /* Contents.json in Resources */ = {isa = PBXBuildFile; fileRef = CB0C2576195E9E0C00053304 /* Contents.json */; };
		CB0C2579195E9E0C00053304 /* smileyiPhone.png in Resources */ = {isa = PBXBuildFile; fileRef = CB0C2577195E9E0C00053304 /* smileyiPhone.png */; };
		CBF9600219592F9D00BE37A1 /* Foundation.framework in Frameworks */ = {isa = PBXBuildFile; fileRef = CBF9600119592F9D00BE37A1 /* Foundation.framework */; };
		CBF9600419592F9D00BE37A1 /* CoreGraphics.framework in Frameworks */ = {isa = PBXBuildFile; fileRef = CBF9600319592F9D00BE37A1 /* CoreGraphics.framework */; };
		CBF9600619592F9D00BE37A1 /* UIKit.framework in Frameworks */ = {isa = PBXBuildFile; fileRef = CBF9600519592F9D00BE37A1 /* UIKit.framework */; };
		CBF9600C19592F9D00BE37A1 /* InfoPlist.strings in Resources */ = {isa = PBXBuildFile; fileRef = CBF9600A19592F9D00BE37A1 /* InfoPlist.strings */; };
		CBF9600E19592F9D00BE37A1 /* main.m in Sources */ = {isa = PBXBuildFile; fileRef = CBF9600D19592F9D00BE37A1 /* main.m */; };
		CBF9601219592F9D00BE37A1 /* AppDelegate.m in Sources */ = {isa = PBXBuildFile; fileRef = CBF9601119592F9D00BE37A1 /* AppDelegate.m */; };
		CBF9601519592F9D00BE37A1 /* Main.storyboard in Resources */ = {isa = PBXBuildFile; fileRef = CBF9601319592F9D00BE37A1 /* Main.storyboard */; };
		CBF9601819592F9D00BE37A1 /* FirstViewController.m in Sources */ = {isa = PBXBuildFile; fileRef = CBF9601719592F9D00BE37A1 /* FirstViewController.m */; };
		CBF9601B19592F9D00BE37A1 /* SecondViewController.m in Sources */ = {isa = PBXBuildFile; fileRef = CBF9601A19592F9D00BE37A1 /* SecondViewController.m */; };
		CBF9601D19592F9D00BE37A1 /* Images.xcassets in Resources */ = {isa = PBXBuildFile; fileRef = CBF9601C19592F9D00BE37A1 /* Images.xcassets */; };
		CBF9602419592F9D00BE37A1 /* XCTest.framework in Frameworks */ = {isa = PBXBuildFile; fileRef = CBF9602319592F9D00BE37A1 /* XCTest.framework */; };
		CBF9602519592F9D00BE37A1 /* Foundation.framework in Frameworks */ = {isa = PBXBuildFile; fileRef = CBF9600119592F9D00BE37A1 /* Foundation.framework */; };
		CBF9602619592F9D00BE37A1 /* UIKit.framework in Frameworks */ = {isa = PBXBuildFile; fileRef = CBF9600519592F9D00BE37A1 /* UIKit.framework */; };
		CBF9602E19592F9D00BE37A1 /* InfoPlist.strings in Resources */ = {isa = PBXBuildFile; fileRef = CBF9602C19592F9D00BE37A1 /* InfoPlist.strings */; };
		CBF9603019592F9D00BE37A1 /* Chapter_4_AnimationsTests.m in Sources */ = {isa = PBXBuildFile; fileRef = CBF9602F19592F9D00BE37A1 /* Chapter_4_AnimationsTests.m */; };
		CBF9603A1959702900BE37A1 /* Pacman.xcassets in Resources */ = {isa = PBXBuildFile; fileRef = CBF960391959702900BE37A1 /* Pacman.xcassets */; };
/* End PBXBuildFile section */

/* Begin PBXContainerItemProxy section */
		CBF9602719592F9D00BE37A1 /* PBXContainerItemProxy */ = {
			isa = PBXContainerItemProxy;
			containerPortal = CBF95FF619592F9D00BE37A1 /* Project object */;
			proxyType = 1;
			remoteGlobalIDString = CBF95FFD19592F9D00BE37A1;
			remoteInfo = "Chapter-4-Animations";
		};
/* End PBXContainerItemProxy section */

/* Begin PBXFileReference section */
		CB0C256F195D754F00053304 /* ThirdViewController.h */ = {isa = PBXFileReference; fileEncoding = 4; lastKnownFileType = sourcecode.c.h; name = ThirdViewController.h; path = ../ThirdViewController.h; sourceTree = "<group>"; };
		CB0C2570195D754F00053304 /* ThirdViewController.m */ = {isa = PBXFileReference; fileEncoding = 4; lastKnownFileType = sourcecode.c.objc; name = ThirdViewController.m; path = ../ThirdViewController.m; sourceTree = "<group>"; };
		CB0C2572195E9C0900053304 /* FourthViewController.h */ = {isa = PBXFileReference; fileEncoding = 4; lastKnownFileType = sourcecode.c.h; path = FourthViewController.h; sourceTree = "<group>"; };
		CB0C2573195E9C0900053304 /* FourthViewController.m */ = {isa = PBXFileReference; fileEncoding = 4; lastKnownFileType = sourcecode.c.objc; path = FourthViewController.m; sourceTree = "<group>"; };
		CB0C2576195E9E0C00053304 /* Contents.json */ = {isa = PBXFileReference; fileEncoding = 4; lastKnownFileType = text.json; path = Contents.json; sourceTree = "<group>"; };
		CB0C2577195E9E0C00053304 /* smileyiPhone.png */ = {isa = PBXFileReference; lastKnownFileType = image.png; path = smileyiPhone.png; sourceTree = "<group>"; };
		CBF95FFE19592F9D00BE37A1 /* Chapter-4-Animations.app */ = {isa = PBXFileReference; explicitFileType = wrapper.application; includeInIndex = 0; path = "Chapter-4-Animations.app"; sourceTree = BUILT_PRODUCTS_DIR; };
		CBF9600119592F9D00BE37A1 /* Foundation.framework */ = {isa = PBXFileReference; lastKnownFileType = wrapper.framework; name = Foundation.framework; path = System/Library/Frameworks/Foundation.framework; sourceTree = SDKROOT; };
		CBF9600319592F9D00BE37A1 /* CoreGraphics.framework */ = {isa = PBXFileReference; lastKnownFileType = wrapper.framework; name = CoreGraphics.framework; path = System/Library/Frameworks/CoreGraphics.framework; sourceTree = SDKROOT; };
		CBF9600519592F9D00BE37A1 /* UIKit.framework */ = {isa = PBXFileReference; lastKnownFileType = wrapper.framework; name = UIKit.framework; path = System/Library/Frameworks/UIKit.framework; sourceTree = SDKROOT; };
		CBF9600919592F9D00BE37A1 /* Chapter-4-Animations-Info.plist */ = {isa = PBXFileReference; lastKnownFileType = text.plist.xml; path = "Chapter-4-Animations-Info.plist"; sourceTree = "<group>"; };
		CBF9600B19592F9D00BE37A1 /* en */ = {isa = PBXFileReference; lastKnownFileType = text.plist.strings; name = en; path = en.lproj/InfoPlist.strings; sourceTree = "<group>"; };
		CBF9600D19592F9D00BE37A1 /* main.m */ = {isa = PBXFileReference; lastKnownFileType = sourcecode.c.objc; path = main.m; sourceTree = "<group>"; };
		CBF9600F19592F9D00BE37A1 /* Chapter-4-Animations-Prefix.pch */ = {isa = PBXFileReference; lastKnownFileType = sourcecode.c.h; path = "Chapter-4-Animations-Prefix.pch"; sourceTree = "<group>"; };
		CBF9601019592F9D00BE37A1 /* AppDelegate.h */ = {isa = PBXFileReference; lastKnownFileType = sourcecode.c.h; path = AppDelegate.h; sourceTree = "<group>"; };
		CBF9601119592F9D00BE37A1 /* AppDelegate.m */ = {isa = PBXFileReference; lastKnownFileType = sourcecode.c.objc; path = AppDelegate.m; sourceTree = "<group>"; };
		CBF9601419592F9D00BE37A1 /* Base */ = {isa = PBXFileReference; lastKnownFileType = file.storyboard; name = Base; path = Base.lproj/Main.storyboard; sourceTree = "<group>"; };
		CBF9601619592F9D00BE37A1 /* FirstViewController.h */ = {isa = PBXFileReference; lastKnownFileType = sourcecode.c.h; path = FirstViewController.h; sourceTree = "<group>"; };
		CBF9601719592F9D00BE37A1 /* FirstViewController.m */ = {isa = PBXFileReference; lastKnownFileType = sourcecode.c.objc; path = FirstViewController.m; sourceTree = "<group>"; };
		CBF9601919592F9D00BE37A1 /* SecondViewController.h */ = {isa = PBXFileReference; lastKnownFileType = sourcecode.c.h; path = SecondViewController.h; sourceTree = "<group>"; };
		CBF9601A19592F9D00BE37A1 /* SecondViewController.m */ = {isa = PBXFileReference; lastKnownFileType = sourcecode.c.objc; path = SecondViewController.m; sourceTree = "<group>"; };
		CBF9601C19592F9D00BE37A1 /* Images.xcassets */ = {isa = PBXFileReference; lastKnownFileType = folder.assetcatalog; path = Images.xcassets; sourceTree = "<group>"; };
		CBF9602219592F9D00BE37A1 /* Chapter-4-AnimationsTests.xctest */ = {isa = PBXFileReference; explicitFileType = wrapper.cfbundle; includeInIndex = 0; path = "Chapter-4-AnimationsTests.xctest"; sourceTree = BUILT_PRODUCTS_DIR; };
		CBF9602319592F9D00BE37A1 /* XCTest.framework */ = {isa = PBXFileReference; lastKnownFileType = wrapper.framework; name = XCTest.framework; path = Library/Frameworks/XCTest.framework; sourceTree = DEVELOPER_DIR; };
		CBF9602B19592F9D00BE37A1 /* Chapter-4-AnimationsTests-Info.plist */ = {isa = PBXFileReference; lastKnownFileType = text.plist.xml; path = "Chapter-4-AnimationsTests-Info.plist"; sourceTree = "<group>"; };
		CBF9602D19592F9D00BE37A1 /* en */ = {isa = PBXFileReference; lastKnownFileType = text.plist.strings; name = en; path = en.lproj/InfoPlist.strings; sourceTree = "<group>"; };
		CBF9602F19592F9D00BE37A1 /* Chapter_4_AnimationsTests.m */ = {isa = PBXFileReference; lastKnownFileType = sourcecode.c.objc; path = Chapter_4_AnimationsTests.m; sourceTree = "<group>"; };
		CBF960391959702900BE37A1 /* Pacman.xcassets */ = {isa = PBXFileReference; lastKnownFileType = folder.assetcatalog; path = Pacman.xcassets; sourceTree = "<group>"; };
/* End PBXFileReference section */

/* Begin PBXFrameworksBuildPhase section */
		CBF95FFB19592F9D00BE37A1 /* Frameworks */ = {
			isa = PBXFrameworksBuildPhase;
			buildActionMask = 2147483647;
			files = (
				CBF9600419592F9D00BE37A1 /* CoreGraphics.framework in Frameworks */,
				CBF9600619592F9D00BE37A1 /* UIKit.framework in Frameworks */,
				CBF9600219592F9D00BE37A1 /* Foundation.framework in Frameworks */,
			);
			runOnlyForDeploymentPostprocessing = 0;
		};
		CBF9601F19592F9D00BE37A1 /* Frameworks */ = {
			isa = PBXFrameworksBuildPhase;
			buildActionMask = 2147483647;
			files = (
				CBF9602419592F9D00BE37A1 /* XCTest.framework in Frameworks */,
				CBF9602619592F9D00BE37A1 /* UIKit.framework in Frameworks */,
				CBF9602519592F9D00BE37A1 /* Foundation.framework in Frameworks */,
			);
			runOnlyForDeploymentPostprocessing = 0;
		};
/* End PBXFrameworksBuildPhase section */

/* Begin PBXGroup section */
		CB0C2575195E9E0C00053304 /* smiley.imageset */ = {
			isa = PBXGroup;
			children = (
				CB0C2576195E9E0C00053304 /* Contents.json */,
				CB0C2577195E9E0C00053304 /* smileyiPhone.png */,
			);
			path = smiley.imageset;
			sourceTree = "<group>";
		};
		CBF95FF519592F9D00BE37A1 = {
			isa = PBXGroup;
			children = (
				CBF9600719592F9D00BE37A1 /* Chapter-4-Animations */,
				CBF9602919592F9D00BE37A1 /* Chapter-4-AnimationsTests */,
				CBF9600019592F9D00BE37A1 /* Frameworks */,
				CBF95FFF19592F9D00BE37A1 /* Products */,
			);
			sourceTree = "<group>";
		};
		CBF95FFF19592F9D00BE37A1 /* Products */ = {
			isa = PBXGroup;
			children = (
				CBF95FFE19592F9D00BE37A1 /* Chapter-4-Animations.app */,
				CBF9602219592F9D00BE37A1 /* Chapter-4-AnimationsTests.xctest */,
			);
			name = Products;
			sourceTree = "<group>";
		};
		CBF9600019592F9D00BE37A1 /* Frameworks */ = {
			isa = PBXGroup;
			children = (
				CBF9600119592F9D00BE37A1 /* Foundation.framework */,
				CBF9600319592F9D00BE37A1 /* CoreGraphics.framework */,
				CBF9600519592F9D00BE37A1 /* UIKit.framework */,
				CBF9602319592F9D00BE37A1 /* XCTest.framework */,
			);
			name = Frameworks;
			sourceTree = "<group>";
		};
		CBF9600719592F9D00BE37A1 /* Chapter-4-Animations */ = {
			isa = PBXGroup;
			children = (
				CB0C256F195D754F00053304 /* ThirdViewController.h */,
				CB0C2570195D754F00053304 /* ThirdViewController.m */,
				CBF9601019592F9D00BE37A1 /* AppDelegate.h */,
				CBF9601119592F9D00BE37A1 /* AppDelegate.m */,
				CBF9601319592F9D00BE37A1 /* Main.storyboard */,
				CB0C2572195E9C0900053304 /* FourthViewController.h */,
				CB0C2573195E9C0900053304 /* FourthViewController.m */,
				CBF9601619592F9D00BE37A1 /* FirstViewController.h */,
				CBF9601719592F9D00BE37A1 /* FirstViewController.m */,
				CBF9601919592F9D00BE37A1 /* SecondViewController.h */,
				CBF9601A19592F9D00BE37A1 /* SecondViewController.m */,
				CBF9601C19592F9D00BE37A1 /* Images.xcassets */,
				CB0C2575195E9E0C00053304 /* smiley.imageset */,
				CBF960391959702900BE37A1 /* Pacman.xcassets */,
				CBF9600819592F9D00BE37A1 /* Supporting Files */,
			);
			path = "Chapter-4-Animations";
			sourceTree = "<group>";
		};
		CBF9600819592F9D00BE37A1 /* Supporting Files */ = {
			isa = PBXGroup;
			children = (
				CBF9600919592F9D00BE37A1 /* Chapter-4-Animations-Info.plist */,
				CBF9600A19592F9D00BE37A1 /* InfoPlist.strings */,
				CBF9600D19592F9D00BE37A1 /* main.m */,
				CBF9600F19592F9D00BE37A1 /* Chapter-4-Animations-Prefix.pch */,
			);
			name = "Supporting Files";
			sourceTree = "<group>";
		};
		CBF9602919592F9D00BE37A1 /* Chapter-4-AnimationsTests */ = {
			isa = PBXGroup;
			children = (
				CBF9602F19592F9D00BE37A1 /* Chapter_4_AnimationsTests.m */,
				CBF9602A19592F9D00BE37A1 /* Supporting Files */,
			);
			path = "Chapter-4-AnimationsTests";
			sourceTree = "<group>";
		};
		CBF9602A19592F9D00BE37A1 /* Supporting Files */ = {
			isa = PBXGroup;
			children = (
				CBF9602B19592F9D00BE37A1 /* Chapter-4-AnimationsTests-Info.plist */,
				CBF9602C19592F9D00BE37A1 /* InfoPlist.strings */,
			);
			name = "Supporting Files";
			sourceTree = "<group>";
		};
/* End PBXGroup section */

/* Begin PBXNativeTarget section */
		CBF95FFD19592F9D00BE37A1 /* Chapter-4-Animations */ = {
			isa = PBXNativeTarget;
			buildConfigurationList = CBF9603319592F9D00BE37A1 /* Build configuration list for PBXNativeTarget "Chapter-4-Animations" */;
			buildPhases = (
				CBF95FFA19592F9D00BE37A1 /* Sources */,
				CBF95FFB19592F9D00BE37A1 /* Frameworks */,
				CBF95FFC19592F9D00BE37A1 /* Resources */,
			);
			buildRules = (
			);
			dependencies = (
			);
			name = "Chapter-4-Animations";
			productName = "Chapter-4-Animations";
			productReference = CBF95FFE19592F9D00BE37A1 /* Chapter-4-Animations.app */;
			productType = "com.apple.product-type.application";
		};
		CBF9602119592F9D00BE37A1 /* Chapter-4-AnimationsTests */ = {
			isa = PBXNativeTarget;
			buildConfigurationList = CBF9603619592F9D00BE37A1 /* Build configuration list for PBXNativeTarget "Chapter-4-AnimationsTests" */;
			buildPhases = (
				CBF9601E19592F9D00BE37A1 /* Sources */,
				CBF9601F19592F9D00BE37A1 /* Frameworks */,
				CBF9602019592F9D00BE37A1 /* Resources */,
			);
			buildRules = (
			);
			dependencies = (
				CBF9602819592F9D00BE37A1 /* PBXTargetDependency */,
			);
			name = "Chapter-4-AnimationsTests";
			productName = "Chapter-4-AnimationsTests";
			productReference = CBF9602219592F9D00BE37A1 /* Chapter-4-AnimationsTests.xctest */;
			productType = "com.apple.product-type.bundle.unit-test";
		};
/* End PBXNativeTarget section */

/* Begin PBXProject section */
		CBF95FF619592F9D00BE37A1 /* Project object */ = {
			isa = PBXProject;
			attributes = {
				LastUpgradeCheck = 0510;
				ORGANIZATIONNAME = nz.co.datacom.danielw;
				TargetAttributes = {
					CBF95FFD19592F9D00BE37A1 = {
						DevelopmentTeam = JP5YDXJS2P;
					};
					CBF9602119592F9D00BE37A1 = {
						TestTargetID = CBF95FFD19592F9D00BE37A1;
					};
				};
			};
			buildConfigurationList = CBF95FF919592F9D00BE37A1 /* Build configuration list for PBXProject "Chapter-4-Animations" */;
			compatibilityVersion = "Xcode 3.2";
			developmentRegion = English;
			hasScannedForEncodings = 0;
			knownRegions = (
				en,
				Base,
			);
			mainGroup = CBF95FF519592F9D00BE37A1;
			productRefGroup = CBF95FFF19592F9D00BE37A1 /* Products */;
			projectDirPath = "";
			projectRoot = "";
			targets = (
				CBF95FFD19592F9D00BE37A1 /* Chapter-4-Animations */,
				CBF9602119592F9D00BE37A1 /* Chapter-4-AnimationsTests */,
			);
		};
/* End PBXProject section */

/* Begin PBXResourcesBuildPhase section */
		CBF95FFC19592F9D00BE37A1 /* Resources */ = {
			isa = PBXResourcesBuildPhase;
			buildActionMask = 2147483647;
			files = (
				CB0C2578195E9E0C00053304 /* Contents.json in Resources */,
				CB0C2579195E9E0C00053304 /* smileyiPhone.png in Resources */,
				CBF9601D19592F9D00BE37A1 /* Images.xcassets in Resources */,
				CBF9600C19592F9D00BE37A1 /* InfoPlist.strings in Resources */,
				CBF9601519592F9D00BE37A1 /* Main.storyboard in Resources */,
				CBF9603A1959702900BE37A1 /* Pacman.xcassets in Resources */,
			);
			runOnlyForDeploymentPostprocessing = 0;
		};
		CBF9602019592F9D00BE37A1 /* Resources */ = {
			isa = PBXResourcesBuildPhase;
			buildActionMask = 2147483647;
			files = (
				CBF9602E19592F9D00BE37A1 /* InfoPlist.strings in Resources */,
			);
			runOnlyForDeploymentPostprocessing = 0;
		};
/* End PBXResourcesBuildPhase section */

/* Begin PBXSourcesBuildPhase section */
		CBF95FFA19592F9D00BE37A1 /* Sources */ = {
			isa = PBXSourcesBuildPhase;
			buildActionMask = 2147483647;
			files = (
				CB0C2574195E9C0900053304 /* FourthViewController.m in Sources */,
				CBF9601B19592F9D00BE37A1 /* SecondViewController.m in Sources */,
				CB0C2571195D754F00053304 /* ThirdViewController.m in Sources */,
				CBF9601219592F9D00BE37A1 /* AppDelegate.m in Sources */,
				CBF9601819592F9D00BE37A1 /* FirstViewController.m in Sources */,
				CBF9600E19592F9D00BE37A1 /* main.m in Sources */,
			);
			runOnlyForDeploymentPostprocessing = 0;
		};
		CBF9601E19592F9D00BE37A1 /* Sources */ = {
			isa = PBXSourcesBuildPhase;
			buildActionMask = 2147483647;
			files = (
				CBF9603019592F9D00BE37A1 /* Chapter_4_AnimationsTests.m in Sources */,
			);
			runOnlyForDeploymentPostprocessing = 0;
		};
/* End PBXSourcesBuildPhase section */

/* Begin PBXTargetDependency section */
		CBF9602819592F9D00BE37A1 /* PBXTargetDependency */ = {
			isa = PBXTargetDependency;
			target = CBF95FFD19592F9D00BE37A1 /* Chapter-4-Animations */;
			targetProxy = CBF9602719592F9D00BE37A1 /* PBXContainerItemProxy */;
		};
/* End PBXTargetDependency section */

/* Begin PBXVariantGroup section */
		CBF9600A19592F9D00BE37A1 /* InfoPlist.strings */ = {
			isa = PBXVariantGroup;
			children = (
				CBF9600B19592F9D00BE37A1 /* en */,
			);
			name = InfoPlist.strings;
			sourceTree = "<group>";
		};
		CBF9601319592F9D00BE37A1 /* Main.storyboard */ = {
			isa = PBXVariantGroup;
			children = (
				CBF9601419592F9D00BE37A1 /* Base */,
			);
			name = Main.storyboard;
			sourceTree = "<group>";
		};
		CBF9602C19592F9D00BE37A1 /* InfoPlist.strings */ = {
			isa = PBXVariantGroup;
			children = (
				CBF9602D19592F9D00BE37A1 /* en */,
			);
			name = InfoPlist.strings;
			sourceTree = "<group>";
		};
/* End PBXVariantGroup section */

/* Begin XCBuildConfiguration section */
		CBF9603119592F9D00BE37A1 /* Debug */ = {
			isa = XCBuildConfiguration;
			buildSettings = {
				ALWAYS_SEARCH_USER_PATHS = NO;
				CLANG_CXX_LANGUAGE_STANDARD = "gnu++0x";
				CLANG_CXX_LIBRARY = "libc++";
				CLANG_ENABLE_MODULES = YES;
				CLANG_ENABLE_OBJC_ARC = YES;
				CLANG_WARN_BOOL_CONVERSION = YES;
				CLANG_WARN_CONSTANT_CONVERSION = YES;
				CLANG_WARN_DIRECT_OBJC_ISA_USAGE = YES_ERROR;
				CLANG_WARN_EMPTY_BODY = YES;
				CLANG_WARN_ENUM_CONVERSION = YES;
				CLANG_WARN_INT_CONVERSION = YES;
				CLANG_WARN_OBJC_ROOT_CLASS = YES_ERROR;
				CLANG_WARN__DUPLICATE_METHOD_MATCH = YES;
				"CODE_SIGN_IDENTITY[sdk=iphoneos*]" = "iPhone Developer";
				COPY_PHASE_STRIP = NO;
				GCC_C_LANGUAGE_STANDARD = gnu99;
				GCC_DYNAMIC_NO_PIC = NO;
				GCC_OPTIMIZATION_LEVEL = 0;
				GCC_PREPROCESSOR_DEFINITIONS = (
					"DEBUG=1",
					"$(inherited)",
				);
				GCC_SYMBOLS_PRIVATE_EXTERN = NO;
				GCC_WARN_64_TO_32_BIT_CONVERSION = YES;
				GCC_WARN_ABOUT_RETURN_TYPE = YES_ERROR;
				GCC_WARN_UNDECLARED_SELECTOR = YES;
				GCC_WARN_UNINITIALIZED_AUTOS = YES_AGGRESSIVE;
				GCC_WARN_UNUSED_FUNCTION = YES;
				GCC_WARN_UNUSED_VARIABLE = YES;
				IPHONEOS_DEPLOYMENT_TARGET = 7.1;
				ONLY_ACTIVE_ARCH = YES;
				SDKROOT = iphoneos;
				TARGETED_DEVICE_FAMILY = 2;
			};
			name = Debug;
		};
		CBF9603219592F9D00BE37A1 /* Release */ = {
			isa = XCBuildConfiguration;
			buildSettings = {
				ALWAYS_SEARCH_USER_PATHS = NO;
				CLANG_CXX_LANGUAGE_STANDARD = "gnu++0x";
				CLANG_CXX_LIBRARY = "libc++";
				CLANG_ENABLE_MODULES = YES;
				CLANG_ENABLE_OBJC_ARC = YES;
				CLANG_WARN_BOOL_CONVERSION = YES;
				CLANG_WARN_CONSTANT_CONVERSION = YES;
				CLANG_WARN_DIRECT_OBJC_ISA_USAGE = YES_ERROR;
				CLANG_WARN_EMPTY_BODY = YES;
				CLANG_WARN_ENUM_CONVERSION = YES;
				CLANG_WARN_INT_CONVERSION = YES;
				CLANG_WARN_OBJC_ROOT_CLASS = YES_ERROR;
				CLANG_WARN__DUPLICATE_METHOD_MATCH = YES;
				"CODE_SIGN_IDENTITY[sdk=iphoneos*]" = "iPhone Developer";
				COPY_PHASE_STRIP = YES;
				ENABLE_NS_ASSERTIONS = NO;
				GCC_C_LANGUAGE_STANDARD = gnu99;
				GCC_WARN_64_TO_32_BIT_CONVERSION = YES;
				GCC_WARN_ABOUT_RETURN_TYPE = YES_ERROR;
				GCC_WARN_UNDECLARED_SELECTOR = YES;
				GCC_WARN_UNINITIALIZED_AUTOS = YES_AGGRESSIVE;
				GCC_WARN_UNUSED_FUNCTION = YES;
				GCC_WARN_UNUSED_VARIABLE = YES;
				IPHONEOS_DEPLOYMENT_TARGET = 7.1;
				SDKROOT = iphoneos;
				TARGETED_DEVICE_FAMILY = 2;
				VALIDATE_PRODUCT = YES;
			};
			name = Release;
		};
		CBF9603419592F9D00BE37A1 /* Debug */ = {
			isa = XCBuildConfiguration;
			buildSettings = {
				ASSETCATALOG_COMPILER_APPICON_NAME = AppIcon;
				ASSETCATALOG_COMPILER_LAUNCHIMAGE_NAME = LaunchImage;
				CODE_SIGN_IDENTITY = "iPhone Developer";
				GCC_PRECOMPILE_PREFIX_HEADER = YES;
				GCC_PREFIX_HEADER = "Chapter-4-Animations/Chapter-4-Animations-Prefix.pch";
				INFOPLIST_FILE = "Chapter-4-Animations/Chapter-4-Animations-Info.plist";
				PRODUCT_NAME = "$(TARGET_NAME)";
				TARGETED_DEVICE_FAMILY = 2;
				WRAPPER_EXTENSION = app;
			};
			name = Debug;
		};
		CBF9603519592F9D00BE37A1 /* Release */ = {
			isa = XCBuildConfiguration;
			buildSettings = {
				ASSETCATALOG_COMPILER_APPICON_NAME = AppIcon;
				ASSETCATALOG_COMPILER_LAUNCHIMAGE_NAME = LaunchImage;
				CODE_SIGN_IDENTITY = "iPhone Developer";
				GCC_PRECOMPILE_PREFIX_HEADER = YES;
				GCC_PREFIX_HEADER = "Chapter-4-Animations/Chapter-4-Animations-Prefix.pch";
				INFOPLIST_FILE = "Chapter-4-Animations/Chapter-4-Animations-Info.plist";
				PRODUCT_NAME = "$(TARGET_NAME)";
				TARGETED_DEVICE_FAMILY = 2;
				WRAPPER_EXTENSION = app;
			};
			name = Release;
		};
		CBF9603719592F9D00BE37A1 /* Debug */ = {
			isa = XCBuildConfiguration;
			buildSettings = {
				BUNDLE_LOADER = "$(BUILT_PRODUCTS_DIR)/Chapter-4-Animations.app/Chapter-4-Animations";
				FRAMEWORK_SEARCH_PATHS = (
					"$(SDKROOT)/Developer/Library/Frameworks",
					"$(inherited)",
					"$(DEVELOPER_FRAMEWORKS_DIR)",
				);
				GCC_PRECOMPILE_PREFIX_HEADER = YES;
				GCC_PREFIX_HEADER = "Chapter-4-Animations/Chapter-4-Animations-Prefix.pch";
				GCC_PREPROCESSOR_DEFINITIONS = (
					"DEBUG=1",
					"$(inherited)",
				);
				INFOPLIST_FILE = "Chapter-4-AnimationsTests/Chapter-4-AnimationsTests-Info.plist";
				PRODUCT_NAME = "$(TARGET_NAME)";
				TEST_HOST = "$(BUNDLE_LOADER)";
				WRAPPER_EXTENSION = xctest;
			};
			name = Debug;
		};
		CBF9603819592F9D00BE37A1 /* Release */ = {
			isa = XCBuildConfiguration;
			buildSettings = {
				BUNDLE_LOADER = "$(BUILT_PRODUCTS_DIR)/Chapter-4-Animations.app/Chapter-4-Animations";
				FRAMEWORK_SEARCH_PATHS = (
					"$(SDKROOT)/Developer/Library/Frameworks",
					"$(inherited)",
					"$(DEVELOPER_FRAMEWORKS_DIR)",
				);
				GCC_PRECOMPILE_PREFIX_HEADER = YES;
				GCC_PREFIX_HEADER = "Chapter-4-Animations/Chapter-4-Animations-Prefix.pch";
				INFOPLIST_FILE = "Chapter-4-AnimationsTests/Chapter-4-AnimationsTests-Info.plist";
				PRODUCT_NAME = "$(TARGET_NAME)";
				TEST_HOST = "$(BUNDLE_LOADER)";
				WRAPPER_EXTENSION = xctest;
			};
			name = Release;
		};
/* End XCBuildConfiguration section */

/* Begin XCConfigurationList section */
		CBF95FF919592F9D00BE37A1 /* Build configuration list for PBXProject "Chapter-4-Animations" */ = {
			isa = XCConfigurationList;
			buildConfigurations = (
				CBF9603119592F9D00BE37A1 /* Debug */,
				CBF9603219592F9D00BE37A1 /* Release */,
			);
			defaultConfigurationIsVisible = 0;
			defaultConfigurationName = Release;
		};
		CBF9603319592F9D00BE37A1 /* Build configuration list for PBXNativeTarget "Chapter-4-Animations" */ = {
			isa = XCConfigurationList;
			buildConfigurations = (
				CBF9603419592F9D00BE37A1 /* Debug */,
				CBF9603519592F9D00BE37A1 /* Release */,
			);
			defaultConfigurationIsVisible = 0;
			defaultConfigurationName = Release;
		};
		CBF9603619592F9D00BE37A1 /* Build configuration list for PBXNativeTarget "Chapter-4-AnimationsTests" */ = {
			isa = XCConfigurationList;
			buildConfigurations = (
				CBF9603719592F9D00BE37A1 /* Debug */,
				CBF9603819592F9D00BE37A1 /* Release */,
			);
			defaultConfigurationIsVisible = 0;
			defaultConfigurationName = Release;
		};
/* End XCConfigurationList section */
	};
	rootObject = CBF95FF619592F9D00BE37A1 /* Project object */;
}
